// !$*UTF8*$!
{
	archiveVersion = 1;
	classes = {
	};
	objectVersion = 50;
	objects = {

/* Begin PBXBuildFile section */
		E368CD0720BD811F0067DCEC /* AppDelegate.m in Sources */ = {isa = PBXBuildFile; fileRef = E368CD0620BD811F0067DCEC /* AppDelegate.m */; };
		E368CD0A20BD811F0067DCEC /* ViewController.m in Sources */ = {isa = PBXBuildFile; fileRef = E368CD0920BD811F0067DCEC /* ViewController.m */; };
		E368CD0D20BD811F0067DCEC /* Main.storyboard in Resources */ = {isa = PBXBuildFile; fileRef = E368CD0B20BD811F0067DCEC /* Main.storyboard */; };
		E368CD0F20BD81230067DCEC /* Assets.xcassets in Resources */ = {isa = PBXBuildFile; fileRef = E368CD0E20BD81230067DCEC /* Assets.xcassets */; };
		E368CD1220BD81230067DCEC /* LaunchScreen.storyboard in Resources */ = {isa = PBXBuildFile; fileRef = E368CD1020BD81230067DCEC /* LaunchScreen.storyboard */; };
		E368CD1520BD81230067DCEC /* main.m in Sources */ = {isa = PBXBuildFile; fileRef = E368CD1420BD81230067DCEC /* main.m */; };
/* End PBXBuildFile section */

/* Begin PBXFileReference section */
		E368CD0220BD811F0067DCEC /* WPTextureAtlas.app */ = {isa = PBXFileReference; explicitFileType = wrapper.application; includeInIndex = 0; path = WPTextureAtlas.app; sourceTree = BUILT_PRODUCTS_DIR; };
		E368CD0520BD811F0067DCEC /* AppDelegate.h */ = {isa = PBXFileReference; lastKnownFileType = sourcecode.c.h; path = AppDelegate.h; sourceTree = "<group>"; };
		E368CD0620BD811F0067DCEC /* AppDelegate.m */ = {isa = PBXFileReference; lastKnownFileType = sourcecode.c.objc; path = AppDelegate.m; sourceTree = "<group>"; };
		E368CD0820BD811F0067DCEC /* ViewController.h */ = {isa = PBXFileReference; lastKnownFileType = sourcecode.c.h; path = ViewController.h; sourceTree = "<group>"; };
		E368CD0920BD811F0067DCEC /* ViewController.m */ = {isa = PBXFileReference; lastKnownFileType = sourcecode.c.objc; path = ViewController.m; sourceTree = "<group>"; };
		E368CD0C20BD811F0067DCEC /* Base */ = {isa = PBXFileReference; lastKnownFileType = file.storyboard; name = Base; path = Base.lproj/Main.storyboard; sourceTree = "<group>"; };
		E368CD0E20BD81230067DCEC /* Assets.xcassets */ = {isa = PBXFileReference; lastKnownFileType = folder.assetcatalog; path = Assets.xcassets; sourceTree = "<group>"; };
		E368CD1120BD81230067DCEC /* Base */ = {isa = PBXFileReference; lastKnownFileType = file.storyboard; name = Base; path = Base.lproj/LaunchScreen.storyboard; sourceTree = "<group>"; };
		E368CD1320BD81230067DCEC /* Info.plist */ = {isa = PBXFileReference; lastKnownFileType = text.plist.xml; path = Info.plist; sourceTree = "<group>"; };
		E368CD1420BD81230067DCEC /* main.m */ = {isa = PBXFileReference; lastKnownFileType = sourcecode.c.objc; path = main.m; sourceTree = "<group>"; };
/* End PBXFileReference section */

/* Begin PBXFrameworksBuildPhase section */
		E368CCFF20BD811F0067DCEC /* Frameworks */ = {
			isa = PBXFrameworksBuildPhase;
			buildActionMask = 2147483647;
			files = (
			);
			runOnlyForDeploymentPostprocessing = 0;
		};
/* End PBXFrameworksBuildPhase section */

/* Begin PBXGroup section */
		E368CCF920BD811F0067DCEC = {
			isa = PBXGroup;
			children = (
				E368CD0420BD811F0067DCEC /* WPTextureAtlas */,
				E368CD0320BD811F0067DCEC /* Products */,
			);
			sourceTree = "<group>";
		};
		E368CD0320BD811F0067DCEC /* Products */ = {
			isa = PBXGroup;
			children = (
				E368CD0220BD811F0067DCEC /* WPTextureAtlas.app */,
			);
			name = Products;
			sourceTree = "<group>";
		};
		E368CD0420BD811F0067DCEC /* WPTextureAtlas */ = {
			isa = PBXGroup;
			children = (
				E368CD0520BD811F0067DCEC /* AppDelegate.h */,
				E368CD0620BD811F0067DCEC /* AppDelegate.m */,
				E368CD0820BD811F0067DCEC /* ViewController.h */,
				E368CD0920BD811F0067DCEC /* ViewController.m */,
				E368CD0B20BD811F0067DCEC /* Main.storyboard */,
				E368CD0E20BD81230067DCEC /* Assets.xcassets */,
				E368CD1020BD81230067DCEC /* LaunchScreen.storyboard */,
				E368CD1320BD81230067DCEC /* Info.plist */,
				E368CD1420BD81230067DCEC /* main.m */,
			);
			path = WPTextureAtlas;
			sourceTree = "<group>";
		};
/* End PBXGroup section */

/* Begin PBXNativeTarget section */
		E368CD0120BD811F0067DCEC /* WPTextureAtlas */ = {
			isa = PBXNativeTarget;
			buildConfigurationList = E368CD1820BD81230067DCEC /* Build configuration list for PBXNativeTarget "WPTextureAtlas" */;
			buildPhases = (
				E368CCFE20BD811F0067DCEC /* Sources */,
				E368CCFF20BD811F0067DCEC /* Frameworks */,
				E368CD0020BD811F0067DCEC /* Resources */,
			);
			buildRules = (
			);
			dependencies = (
			);
			name = WPTextureAtlas;
			productName = WPTextureAtlas;
			productReference = E368CD0220BD811F0067DCEC /* WPTextureAtlas.app */;
			productType = "com.apple.product-type.application";
		};
/* End PBXNativeTarget section */

/* Begin PBXProject section */
		E368CCFA20BD811F0067DCEC /* Project object */ = {
			isa = PBXProject;
			attributes = {
				LastUpgradeCheck = 0930;
				ORGANIZATIONNAME = "tu jinqiu";
				TargetAttributes = {
					E368CD0120BD811F0067DCEC = {
						CreatedOnToolsVersion = 9.3;
					};
				};
			};
			buildConfigurationList = E368CCFD20BD811F0067DCEC /* Build configuration list for PBXProject "WPTextureAtlas" */;
			compatibilityVersion = "Xcode 9.3";
			developmentRegion = en;
			hasScannedForEncodings = 0;
			knownRegions = (
				en,
				Base,
			);
			mainGroup = E368CCF920BD811F0067DCEC;
			productRefGroup = E368CD0320BD811F0067DCEC /* Products */;
			projectDirPath = "";
			projectRoot = "";
			targets = (
				E368CD0120BD811F0067DCEC /* WPTextureAtlas */,
			);
		};
/* End PBXProject section */

/* Begin PBXResourcesBuildPhase section */
		E368CD0020BD811F0067DCEC /* Resources */ = {
			isa = PBXResourcesBuildPhase;
			buildActionMask = 2147483647;
			files = (
				E368CD1220BD81230067DCEC /* LaunchScreen.storyboard in Resources */,
				E368CD0F20BD81230067DCEC /* Assets.xcassets in Resources */,
				E368CD0D20BD811F0067DCEC /* Main.storyboard in Resources */,
			);
			runOnlyForDeploymentPostprocessing = 0;
		};
/* End PBXResourcesBuildPhase section */

/* Begin PBXSourcesBuildPhase section */
		E368CCFE20BD811F0067DCEC /* Sources */ = {
			isa = PBXSourcesBuildPhase;
			buildActionMask = 2147483647;
			files = (
				E368CD0A20BD811F0067DCEC /* ViewController.m in Sources */,
				E368CD1520BD81230067DCEC /* main.m in Sources */,
				E368CD0720BD811F0067DCEC /* AppDelegate.m in Sources */,
			);
			runOnlyForDeploymentPostprocessing = 0;
		};
/* End PBXSourcesBuildPhase section */

/* Begin PBXVariantGroup section */
		E368CD0B20BD811F0067DCEC /* Main.storyboard */ = {
			isa = PBXVariantGroup;
			children = (
				E368CD0C20BD811F0067DCEC /* Base */,
			);
			name = Main.storyboard;
			sourceTree = "<group>";
		};
		E368CD1020BD81230067DCEC /* LaunchScreen.storyboard */ = {
			isa = PBXVariantGroup;
			children = (
				E368CD1120BD81230067DCEC /* Base */,
			);
			name = LaunchScreen.storyboard;
			sourceTree = "<group>";
		};
/* End PBXVariantGroup section */

/* Begin XCBuildConfiguration section */
		E368CD1620BD81230067DCEC /* Debug */ = {
			isa = XCBuildConfiguration;
			buildSettings = {
				ALWAYS_SEARCH_USER_PATHS = NO;
				CLANG_ANALYZER_NONNULL = YES;
				CLANG_ANALYZER_NUMBER_OBJECT_CONVERSION = YES_AGGRESSIVE;
				CLANG_CXX_LANGUAGE_STANDARD = "gnu++14";
				CLANG_CXX_LIBRARY = "libc++";
				CLANG_ENABLE_MODULES = YES;
				CLANG_ENABLE_OBJC_ARC = YES;
				CLANG_ENABLE_OBJC_WEAK = YES;
				CLANG_WARN_BLOCK_CAPTURE_AUTORELEASING = YES;
				CLANG_WARN_BOOL_CONVERSION = YES;
				CLANG_WARN_COMMA = YES;
				CLANG_WARN_CONSTANT_CONVERSION = YES;
				CLANG_WARN_DEPRECATED_OBJC_IMPLEMENTATIONS = YES;
				CLANG_WARN_DIRECT_OBJC_ISA_USAGE = YES_ERROR;
				CLANG_WARN_DOCUMENTATION_COMMENTS = YES;
				CLANG_WARN_EMPTY_BODY = YES;
				CLANG_WARN_ENUM_CONVERSION = YES;
				CLANG_WARN_INFINITE_RECURSION = YES;
				CLANG_WARN_INT_CONVERSION = YES;
				CLANG_WARN_NON_LITERAL_NULL_CONVERSION = YES;
				CLANG_WARN_OBJC_IMPLICIT_RETAIN_SELF = YES;
				CLANG_WARN_OBJC_LITERAL_CONVERSION = YES;
				CLANG_WARN_OBJC_ROOT_CLASS = YES_ERROR;
				CLANG_WARN_RANGE_LOOP_ANALYSIS = YES;
				CLANG_WARN_STRICT_PROTOTYPES = YES;
				CLANG_WARN_SUSPICIOUS_MOVE = YES;
				CLANG_WARN_UNGUARDED_AVAILABILITY = YES_AGGRESSIVE;
				CLANG_WARN_UNREACHABLE_CODE = YES;
				CLANG_WARN__DUPLICATE_METHOD_MATCH = YES;
				CODE_SIGN_IDENTITY = "iPhone Developer";
				COPY_PHASE_STRIP = NO;
				DEBUG_INFORMATION_FORMAT = dwarf;
				ENABLE_STRICT_OBJC_MSGSEND = YES;
				ENABLE_TESTABILITY = YES;
				GCC_C_LANGUAGE_STANDARD = gnu11;
				GCC_DYNAMIC_NO_PIC = NO;
				GCC_NO_COMMON_BLOCKS = YES;
				GCC_OPTIMIZATION_LEVEL = 0;
				GCC_PREPROCESSOR_DEFINITIONS = (
					"DEBUG=1",
					"$(inherited)",
				);
				GCC_WARN_64_TO_32_BIT_CONVERSION = YES;
				GCC_WARN_ABOUT_RETURN_TYPE = YES_ERROR;
				GCC_WARN_UNDECLARED_SELECTOR = YES;
				GCC_WARN_UNINITIALIZED_AUTOS = YES_AGGRESSIVE;
				GCC_WARN_UNUSED_FUNCTION = YES;
				GCC_WARN_UNUSED_VARIABLE = YES;
				IPHONEOS_DEPLOYMENT_TARGET = 11.3;
				MTL_ENABLE_DEBUG_INFO = YES;
				ONLY_ACTIVE_ARCH = YES;
				SDKROOT = iphoneos;
			};
			name = Debug;
		};
		E368CD1720BD81230067DCEC /* Release */ = {
			isa = XCBuildConfiguration;
			buildSettings = {
				ALWAYS_SEARCH_USER_PATHS = NO;
				CLANG_ANALYZER_NONNULL = YES;
				CLANG_ANALYZER_NUMBER_OBJECT_CONVERSION = YES_AGGRESSIVE;
				CLANG_CXX_LANGUAGE_STANDARD = "gnu++14";
				CLANG_CXX_LIBRARY = "libc++";
				CLANG_ENABLE_MODULES = YES;
				CLANG_ENABLE_OBJC_ARC = YES;
				CLANG_ENABLE_OBJC_WEAK = YES;
				CLANG_WARN_BLOCK_CAPTURE_AUTORELEASING = YES;
				CLANG_WARN_BOOL_CONVERSION = YES;
				CLANG_WARN_COMMA = YES;
				CLANG_WARN_CONSTANT_CONVERSION = YES;
				CLANG_WARN_DEPRECATED_OBJC_IMPLEMENTATIONS = YES;
				CLANG_WARN_DIRECT_OBJC_ISA_USAGE = YES_ERROR;
				CLANG_WARN_DOCUMENTATION_COMMENTS = YES;
				CLANG_WARN_EMPTY_BODY = YES;
				CLANG_WARN_ENUM_CONVERSION = YES;
				CLANG_WARN_INFINITE_RECURSION = YES;
				CLANG_WARN_INT_CONVERSION = YES;
				CLANG_WARN_NON_LITERAL_NULL_CONVERSION = YES;
				CLANG_WARN_OBJC_IMPLICIT_RETAIN_SELF = YES;
				CLANG_WARN_OBJC_LITERAL_CONVERSION = YES;
				CLANG_WARN_OBJC_ROOT_CLASS = YES_ERROR;
				CLANG_WARN_RANGE_LOOP_ANALYSIS = YES;
				CLANG_WARN_STRICT_PROTOTYPES = YES;
				CLANG_WARN_SUSPICIOUS_MOVE = YES;
				CLANG_WARN_UNGUARDED_AVAILABILITY = YES_AGGRESSIVE;
				CLANG_WARN_UNREACHABLE_CODE = YES;
				CLANG_WARN__DUPLICATE_METHOD_MATCH = YES;
				CODE_SIGN_IDENTITY = "iPhone Developer";
				COPY_PHASE_STRIP = NO;
				DEBUG_INFORMATION_FORMAT = "dwarf-with-dsym";
				ENABLE_NS_ASSERTIONS = NO;
				ENABLE_STRICT_OBJC_MSGSEND = YES;
				GCC_C_LANGUAGE_STANDARD = gnu11;
				GCC_NO_COMMON_BLOCKS = YES;
				GCC_WARN_64_TO_32_BIT_CONVERSION = YES;
				GCC_WARN_ABOUT_RETURN_TYPE = YES_ERROR;
				GCC_WARN_UNDECLARED_SELECTOR = YES;
				GCC_WARN_UNINITIALIZED_AUTOS = YES_AGGRESSIVE;
				GCC_WARN_UNUSED_FUNCTION = YES;
				GCC_WARN_UNUSED_VARIABLE = YES;
				IPHONEOS_DEPLOYMENT_TARGET = 11.3;
				MTL_ENABLE_DEBUG_INFO = NO;
				SDKROOT = iphoneos;
				VALIDATE_PRODUCT = YES;
			};
			name = Release;
		};
		E368CD1920BD81230067DCEC /* Debug */ = {
			isa = XCBuildConfiguration;
			buildSettings = {
				ASSETCATALOG_COMPILER_APPICON_NAME = AppIcon;
				CODE_SIGN_STYLE = Automatic;
				DEVELOPMENT_TEAM = 2536D3J6MP;
				INFOPLIST_FILE = WPTextureAtlas/Info.plist;
				LD_RUNPATH_SEARCH_PATHS = (
					"$(inherited)",
					"@executable_path/Frameworks",
				);
				PRODUCT_BUNDLE_IDENTIFIER = wepie.WPTextureAtlas;
				PRODUCT_NAME = "$(TARGET_NAME)";
				TARGETED_DEVICE_FAMILY = "1,2";
			};
			name = Debug;
		};
		E368CD1A20BD81230067DCEC /* Release */ = {
			isa = XCBuildConfiguration;
			buildSettings = {
				ASSETCATALOG_COMPILER_APPICON_NAME = AppIcon;
				CODE_SIGN_STYLE = Automatic;
				DEVELOPMENT_TEAM = 2536D3J6MP;
				INFOPLIST_FILE = WPTextureAtlas/Info.plist;
				LD_RUNPATH_SEARCH_PATHS = (
					"$(inherited)",
					"@executable_path/Frameworks",
				);
				PRODUCT_BUNDLE_IDENTIFIER = wepie.WPTextureAtlas;
				PRODUCT_NAME = "$(TARGET_NAME)";
				TARGETED_DEVICE_FAMILY = "1,2";
			};
			name = Release;
		};
/* End XCBuildConfiguration section */

/* Begin XCConfigurationList section */
		E368CCFD20BD811F0067DCEC /* Build configuration list for PBXProject "WPTextureAtlas" */ = {
			isa = XCConfigurationList;
			buildConfigurations = (
				E368CD1620BD81230067DCEC /* Debug */,
				E368CD1720BD81230067DCEC /* Release */,
			);
			defaultConfigurationIsVisible = 0;
			defaultConfigurationName = Release;
		};
		E368CD1820BD81230067DCEC /* Build configuration list for PBXNativeTarget "WPTextureAtlas" */ = {
			isa = XCConfigurationList;
			buildConfigurations = (
				E368CD1920BD81230067DCEC /* Debug */,
				E368CD1A20BD81230067DCEC /* Release */,
			);
			defaultConfigurationIsVisible = 0;
			defaultConfigurationName = Release;
		};
/* End XCConfigurationList section */
	};
	rootObject = E368CCFA20BD811F0067DCEC /* Project object */;
}
